
Microsoft Visual Studio Solution File, Format Version 10.00
# Visual Studio 2008
Project("{FAE04EC0-301F-11D3-BF4B-00C04F79EFBC}") = "ExcelRiskTools", "ExcelRiskTools\ExcelRiskTools.csproj", "{D1E4BCD9-81DE-4FD8-B3A2-B8EEE95D38FF}"
EndProject
Project("{FAE04EC0-301F-11D3-BF4B-00C04F79EFBC}") = "DorisImportPrepTool", "DorisImportPrepTool\DorisImportPrepTool.csproj", "{74805F28-A922-4201-8E43-943E2FB278E3}"
EndProject
Project("{FAE04EC0-301F-11D3-BF4B-00C04F79EFBC}") = "DorisImportPrep", "DorisImportPrep\DorisImportPrep.csproj", "{704226F4-EFBE-4F4F-B329-0CB4472D1CBA}"
EndProject
Global
	GlobalSection(SolutionConfigurationPlatforms) = preSolution
		Debug|Any CPU = Debug|Any CPU
		Release|Any CPU = Release|Any CPU
	EndGlobalSection
	GlobalSection(ProjectConfigurationPlatforms) = postSolution
		{D1E4BCD9-81DE-4FD8-B3A2-B8EEE95D38FF}.Debug|Any CPU.ActiveCfg = Debug|Any CPU
		{D1E4BCD9-81DE-4FD8-B3A2-B8EEE95D38FF}.Debug|Any CPU.Build.0 = Debug|Any CPU
		{D1E4BCD9-81DE-4FD8-B3A2-B8EEE95D38FF}.Release|Any CPU.ActiveCfg = Release|Any CPU
		{D1E4BCD9-81DE-4FD8-B3A2-B8EEE95D38FF}.Release|Any CPU.Build.0 = Release|Any CPU
		{74805F28-A922-4201-8E43-943E2FB278E3}.Debug|Any CPU.ActiveCfg = Debug|Any CPU
		{74805F28-A922-4201-8E43-943E2FB278E3}.Debug|Any CPU.Build.0 = Debug|Any CPU
		{74805F28-A922-4201-8E43-943E2FB278E3}.Release|Any CPU.ActiveCfg = Release|Any CPU
		{74805F28-A922-4201-8E43-943E2FB278E3}.Release|Any CPU.Build.0 = Release|Any CPU
		{704226F4-EFBE-4F4F-B329-0CB4472D1CBA}.Debug|Any CPU.ActiveCfg = Debug|Any CPU
		{704226F4-EFBE-4F4F-B329-0CB4472D1CBA}.Debug|Any CPU.Build.0 = Debug|Any CPU
		{704226F4-EFBE-4F4F-B329-0CB4472D1CBA}.Release|Any CPU.ActiveCfg = Release|Any CPU
		{704226F4-EFBE-4F4F-B329-0CB4472D1CBA}.Release|Any CPU.Build.0 = Release|Any CPU
	EndGlobalSection
	GlobalSection(SolutionProperties) = preSolution
		HideSolutionNode = FALSE
	EndGlobalSection
EndGlobal
